<?xml version="1.0" encoding="utf-8"?>
<Project ToolsVersion="4.0" xmlns="http://schemas.microsoft.com/developer/msbuild/2003">
  <ItemGroup>
    <ClCompile Include="main.cpp" />
    <ClCompile Include="ScalarTrackbar.cpp">
      <Filter>ScalarTrackbar</Filter>
    </ClCompile>
    <ClCompile Include="HSVTrackbar.cpp">
      <Filter>ScalarTrackbar</Filter>
    </ClCompile>
    <ClCompile Include="DartAreas.cpp">
      <Filter>DartArea</Filter>
    </ClCompile>
    <ClCompile Include="Automation.cpp">
      <Filter>DartArea</Filter>
    </ClCompile>
    <ClCompile Include="Dartboard.cpp">
      <Filter>DartArea</Filter>
    </ClCompile>
    <ClCompile Include="WindowHelper.cpp">
      <Filter>Helper</Filter>
    </ClCompile>
    <ClCompile Include="PointHelper.cpp">
      <Filter>Helper</Filter>
    </ClCompile>
    <ClCompile Include="Testing.cpp">
      <Filter>Testing</Filter>
    </ClCompile>
    <ClCompile Include="DartAreaName.cpp">
      <Filter>DartArea</Filter>
    </ClCompile>
    <ClCompile Include="GeneralTrackbar.cpp">
      <Filter>ScalarTrackbar</Filter>
    </ClCompile>
  </ItemGroup>
  <ItemGroup>
    <Filter Include="ScalarTrackbar">
      <UniqueIdentifier>{f8b63630-83b7-4f2b-8c32-04bab4cb6d1c}</UniqueIdentifier>
    </Filter>
    <Filter Include="DartArea">
      <UniqueIdentifier>{f79976c3-0ba7-4b51-85ad-cf933526fb5f}</UniqueIdentifier>
    </Filter>
    <Filter Include="Testing">
      <UniqueIdentifier>{9f178a8a-63fe-41b6-8db6-08396a2a1667}</UniqueIdentifier>
    </Filter>
    <Filter Include="Helper">
      <UniqueIdentifier>{a6d5a875-901d-44ba-b26d-e998c9e97b7b}</UniqueIdentifier>
    </Filter>
  </ItemGroup>
  <ItemGroup>
    <ClInclude Include="ScalarTrackbar.h">
      <Filter>ScalarTrackbar</Filter>
    </ClInclude>
    <ClInclude Include="HSVTrackbar.h">
      <Filter>ScalarTrackbar</Filter>
    </ClInclude>
    <ClInclude Include="DartAreas.h">
      <Filter>DartArea</Filter>
    </ClInclude>
    <ClInclude Include="Types.h" />
    <ClInclude Include="Resources.h" />
    <ClInclude Include="Automation.h">
      <Filter>DartArea</Filter>
    </ClInclude>
    <ClInclude Include="DartBoard.h">
      <Filter>DartArea</Filter>
    </ClInclude>
    <ClInclude Include="Testing.h">
      <Filter>Testing</Filter>
    </ClInclude>
    <ClInclude Include="WindowHelper.h">
      <Filter>Helper</Filter>
    </ClInclude>
    <ClInclude Include="PointHelper.h">
      <Filter>Helper</Filter>
    </ClInclude>
    <ClInclude Include="ListHelper.h">
      <Filter>Helper</Filter>
    </ClInclude>
    <ClInclude Include="DartAreaName.h">
      <Filter>DartArea</Filter>
    </ClInclude>
    <ClInclude Include="GeneralTrackbar.h">
      <Filter>ScalarTrackbar</Filter>
    </ClInclude>
  </ItemGroup>
</Project>